
Microsoft Visual Studio Solution File, Format Version 12.00
Project("{2150E333-8FDC-42A3-9474-1A3956D46DE8}") = "Gateway", "Gateway", "{955BB80B-DF7B-4D12-BEA7-A21596F6D38F}"
EndProject
Project("{2150E333-8FDC-42A3-9474-1A3956D46DE8}") = "Services", "Services", "{B1CD26F1-6900-4367-80ED-533E4464A5B9}"
EndProject
Project("{FAE04EC0-301F-11D3-BF4B-00C04F79EFBC}") = "YARP.Gateway", "YARP.Gateway\YARP.Gateway.csproj", "{25733A9D-A861-45D4-B00E-B2884DEA897B}"
EndProject
Project("{2150E333-8FDC-42A3-9474-1A3956D46DE8}") = "Color", "Color", "{EE961658-CA39-4FC6-9644-FB6335D78E48}"
EndProject
Project("{2150E333-8FDC-42A3-9474-1A3956D46DE8}") = "Number", "Number", "{2A672B06-8250-447F-86C2-C1F59CD09FA5}"
EndProject
Project("{FAE04EC0-301F-11D3-BF4B-00C04F79EFBC}") = "Number.Domain", "Number.Domain\Number.Domain.csproj", "{025C6A52-838D-4991-8FA7-36DB74E270DA}"
EndProject
Project("{FAE04EC0-301F-11D3-BF4B-00C04F79EFBC}") = "Number.Abstraction", "Number.Abstraction\Number.Abstraction.csproj", "{23DD63CF-E281-4030-84DA-D5177B70ACF3}"
EndProject
Project("{FAE04EC0-301F-11D3-BF4B-00C04F79EFBC}") = "Number.Service", "Number.Service\Number.Service.csproj", "{251904C4-BFFD-470F-B2E1-F41CD074D47B}"
EndProject
Project("{FAE04EC0-301F-11D3-BF4B-00C04F79EFBC}") = "Number.Api", "Number.Api\Number.Api.csproj", "{6FE4397D-BBEA-4CDF-B2D0-413945EDB225}"
EndProject
Project("{FAE04EC0-301F-11D3-BF4B-00C04F79EFBC}") = "Color.Domain", "Color.Domain\Color.Domain.csproj", "{EF01A308-EE09-455D-A872-960AD1FA540D}"
EndProject
Project("{FAE04EC0-301F-11D3-BF4B-00C04F79EFBC}") = "Color.Abstraction", "Color.Abstraction\Color.Abstraction.csproj", "{5CDB86D6-3D4A-4766-B231-C3FD045FA088}"
EndProject
Project("{FAE04EC0-301F-11D3-BF4B-00C04F79EFBC}") = "Color.Service", "Color.Service\Color.Service.csproj", "{4D047707-614C-4889-9B6E-4F77FDEAF612}"
EndProject
Project("{FAE04EC0-301F-11D3-BF4B-00C04F79EFBC}") = "Color.Api", "Color.Api\Color.Api.csproj", "{57EB2F8C-D682-4489-83E6-026FC0ED51D7}"
EndProject
Global
	GlobalSection(SolutionConfigurationPlatforms) = preSolution
		Debug|Any CPU = Debug|Any CPU
		Release|Any CPU = Release|Any CPU
	EndGlobalSection
	GlobalSection(ProjectConfigurationPlatforms) = postSolution
		{25733A9D-A861-45D4-B00E-B2884DEA897B}.Debug|Any CPU.ActiveCfg = Debug|Any CPU
		{25733A9D-A861-45D4-B00E-B2884DEA897B}.Debug|Any CPU.Build.0 = Debug|Any CPU
		{25733A9D-A861-45D4-B00E-B2884DEA897B}.Release|Any CPU.ActiveCfg = Release|Any CPU
		{25733A9D-A861-45D4-B00E-B2884DEA897B}.Release|Any CPU.Build.0 = Release|Any CPU
		{025C6A52-838D-4991-8FA7-36DB74E270DA}.Debug|Any CPU.ActiveCfg = Debug|Any CPU
		{025C6A52-838D-4991-8FA7-36DB74E270DA}.Debug|Any CPU.Build.0 = Debug|Any CPU
		{025C6A52-838D-4991-8FA7-36DB74E270DA}.Release|Any CPU.ActiveCfg = Release|Any CPU
		{025C6A52-838D-4991-8FA7-36DB74E270DA}.Release|Any CPU.Build.0 = Release|Any CPU
		{23DD63CF-E281-4030-84DA-D5177B70ACF3}.Debug|Any CPU.ActiveCfg = Debug|Any CPU
		{23DD63CF-E281-4030-84DA-D5177B70ACF3}.Debug|Any CPU.Build.0 = Debug|Any CPU
		{23DD63CF-E281-4030-84DA-D5177B70ACF3}.Release|Any CPU.ActiveCfg = Release|Any CPU
		{23DD63CF-E281-4030-84DA-D5177B70ACF3}.Release|Any CPU.Build.0 = Release|Any CPU
		{251904C4-BFFD-470F-B2E1-F41CD074D47B}.Debug|Any CPU.ActiveCfg = Debug|Any CPU
		{251904C4-BFFD-470F-B2E1-F41CD074D47B}.Debug|Any CPU.Build.0 = Debug|Any CPU
		{251904C4-BFFD-470F-B2E1-F41CD074D47B}.Release|Any CPU.ActiveCfg = Release|Any CPU
		{251904C4-BFFD-470F-B2E1-F41CD074D47B}.Release|Any CPU.Build.0 = Release|Any CPU
		{6FE4397D-BBEA-4CDF-B2D0-413945EDB225}.Debug|Any CPU.ActiveCfg = Debug|Any CPU
		{6FE4397D-BBEA-4CDF-B2D0-413945EDB225}.Debug|Any CPU.Build.0 = Debug|Any CPU
		{6FE4397D-BBEA-4CDF-B2D0-413945EDB225}.Release|Any CPU.ActiveCfg = Release|Any CPU
		{6FE4397D-BBEA-4CDF-B2D0-413945EDB225}.Release|Any CPU.Build.0 = Release|Any CPU
		{EF01A308-EE09-455D-A872-960AD1FA540D}.Debug|Any CPU.ActiveCfg = Debug|Any CPU
		{EF01A308-EE09-455D-A872-960AD1FA540D}.Debug|Any CPU.Build.0 = Debug|Any CPU
		{EF01A308-EE09-455D-A872-960AD1FA540D}.Release|Any CPU.ActiveCfg = Release|Any CPU
		{EF01A308-EE09-455D-A872-960AD1FA540D}.Release|Any CPU.Build.0 = Release|Any CPU
		{5CDB86D6-3D4A-4766-B231-C3FD045FA088}.Debug|Any CPU.ActiveCfg = Debug|Any CPU
		{5CDB86D6-3D4A-4766-B231-C3FD045FA088}.Debug|Any CPU.Build.0 = Debug|Any CPU
		{5CDB86D6-3D4A-4766-B231-C3FD045FA088}.Release|Any CPU.ActiveCfg = Release|Any CPU
		{5CDB86D6-3D4A-4766-B231-C3FD045FA088}.Release|Any CPU.Build.0 = Release|Any CPU
		{4D047707-614C-4889-9B6E-4F77FDEAF612}.Debug|Any CPU.ActiveCfg = Debug|Any CPU
		{4D047707-614C-4889-9B6E-4F77FDEAF612}.Debug|Any CPU.Build.0 = Debug|Any CPU
		{4D047707-614C-4889-9B6E-4F77FDEAF612}.Release|Any CPU.ActiveCfg = Release|Any CPU
		{4D047707-614C-4889-9B6E-4F77FDEAF612}.Release|Any CPU.Build.0 = Release|Any CPU
		{57EB2F8C-D682-4489-83E6-026FC0ED51D7}.Debug|Any CPU.ActiveCfg = Debug|Any CPU
		{57EB2F8C-D682-4489-83E6-026FC0ED51D7}.Debug|Any CPU.Build.0 = Debug|Any CPU
		{57EB2F8C-D682-4489-83E6-026FC0ED51D7}.Release|Any CPU.ActiveCfg = Release|Any CPU
		{57EB2F8C-D682-4489-83E6-026FC0ED51D7}.Release|Any CPU.Build.0 = Release|Any CPU
	EndGlobalSection
	GlobalSection(NestedProjects) = preSolution
		{25733A9D-A861-45D4-B00E-B2884DEA897B} = {955BB80B-DF7B-4D12-BEA7-A21596F6D38F}
		{EE961658-CA39-4FC6-9644-FB6335D78E48} = {B1CD26F1-6900-4367-80ED-533E4464A5B9}
		{2A672B06-8250-447F-86C2-C1F59CD09FA5} = {B1CD26F1-6900-4367-80ED-533E4464A5B9}
		{025C6A52-838D-4991-8FA7-36DB74E270DA} = {2A672B06-8250-447F-86C2-C1F59CD09FA5}
		{23DD63CF-E281-4030-84DA-D5177B70ACF3} = {2A672B06-8250-447F-86C2-C1F59CD09FA5}
		{251904C4-BFFD-470F-B2E1-F41CD074D47B} = {2A672B06-8250-447F-86C2-C1F59CD09FA5}
		{6FE4397D-BBEA-4CDF-B2D0-413945EDB225} = {2A672B06-8250-447F-86C2-C1F59CD09FA5}
		{EF01A308-EE09-455D-A872-960AD1FA540D} = {EE961658-CA39-4FC6-9644-FB6335D78E48}
		{5CDB86D6-3D4A-4766-B231-C3FD045FA088} = {EE961658-CA39-4FC6-9644-FB6335D78E48}
		{4D047707-614C-4889-9B6E-4F77FDEAF612} = {EE961658-CA39-4FC6-9644-FB6335D78E48}
		{57EB2F8C-D682-4489-83E6-026FC0ED51D7} = {EE961658-CA39-4FC6-9644-FB6335D78E48}
	EndGlobalSection
EndGlobal
